{
  "name": "BasicTemplate",
  "version": "1.0.0",
  "lockfileVersion": 1,
  "dependencies": {
    "@openui5/sap.m": {
      "version": "1.60.1",
      "resolved": "https://registry.npmjs.org/@openui5/sap.m/-/sap.m-1.60.1.tgz",
      "integrity": "sha512-I0ocWG61MRqHtRfF7Vuz0AyUeOl/A7aqxcjUlfIo/hnx1MSeMZmV+TPZ2L/+RcFH+H/VEx9iVDPY0MjVHwGAtQ=="
    },
    "@openui5/sap.ui.core": {
      "version": "1.60.1",
      "resolved": "https://registry.npmjs.org/@openui5/sap.ui.core/-/sap.ui.core-1.60.1.tgz",
      "integrity": "sha512-XgQOu9gKjMBmHMIgwEGXuDm/Hu9QiQ5bjUoY0zJbDmzlbQDjU6yW4VP+3jWZpXIXVrV+uGhsUMYZIZrtSB57gw=="
    },
    "@openui5/sap.ui.layout": {
      "version": "1.60.1",
      "resolved": "https://registry.npmjs.org/@openui5/sap.ui.layout/-/sap.ui.layout-1.60.1.tgz",
      "integrity": "sha512-BigtXVVmTFcnL3mIVqL3iUsF2leuYudmZ4G8Oa5Zb7NfYZCehNqE+PNY6tkYEFMiNgyTKLU6b6DPF8qjQtzEVQ=="
    },
    "@openui5/sap.ui.unified": {
      "version": "1.60.1",
      "resolved": "https://registry.npmjs.org/@openui5/sap.ui.unified/-/sap.ui.unified-1.60.1.tgz",
      "integrity": "sha512-u/jjYD8Kb5CJT/U1pdWmQatQPqI3s/913R3T71vUUfVA4jgTFNJorbdySyOTmGzzRxAcWHt7sTJmATTLCVB9uw=="
    },
    "@openui5/themelib_sap_belize": {
      "version": "1.60.1",
      "resolved": "https://registry.npmjs.org/@openui5/themelib_sap_belize/-/themelib_sap_belize-1.60.1.tgz",
      "integrity": "sha512-ztFOblqv1mACUE3k6Li3CU2U5FUJJPYUDAfLD8mddq/nCqUTWoH36La+zOWrgjBAp8NoG3iqDe5SMAA+dKhMbg=="
    }
  }
}
